
Microsoft Visual Studio Solution File, Format Version 12.00
# Visual Studio Version 16
VisualStudioVersion = 16.0.29418.71
MinimumVisualStudioVersion = 10.0.40219.1
Project("{9A19103F-16F7-4668-BE54-9A1E7A4F7556}") = "SI_Format", "SI_Format\SI_Format.csproj", "{4D99188B-9FC2-4980-BC25-A394DDD5004C}"
EndProject
Project("{9A19103F-16F7-4668-BE54-9A1E7A4F7556}") = "SI_Format_Test", "SI_Format_Test\SI_Format_Test.csproj", "{B11A5D28-4EAF-4E3B-B831-7EE2C1A115C3}"
	ProjectSection(ProjectDependencies) = postProject
		{4D99188B-9FC2-4980-BC25-A394DDD5004C} = {4D99188B-9FC2-4980-BC25-A394DDD5004C}
	EndProjectSection
EndProject
Global
	GlobalSection(SolutionConfigurationPlatforms) = preSolution
		Debug|Any CPU = Debug|Any CPU
		Release|Any CPU = Release|Any CPU
	EndGlobalSection
	GlobalSection(ProjectConfigurationPlatforms) = postSolution
		{4D99188B-9FC2-4980-BC25-A394DDD5004C}.Debug|Any CPU.ActiveCfg = Debug|Any CPU
		{4D99188B-9FC2-4980-BC25-A394DDD5004C}.Debug|Any CPU.Build.0 = Debug|Any CPU
		{4D99188B-9FC2-4980-BC25-A394DDD5004C}.Release|Any CPU.ActiveCfg = Release|Any CPU
		{4D99188B-9FC2-4980-BC25-A394DDD5004C}.Release|Any CPU.Build.0 = Release|Any CPU
		{B11A5D28-4EAF-4E3B-B831-7EE2C1A115C3}.Debug|Any CPU.ActiveCfg = Debug|Any CPU
		{B11A5D28-4EAF-4E3B-B831-7EE2C1A115C3}.Debug|Any CPU.Build.0 = Debug|Any CPU
		{B11A5D28-4EAF-4E3B-B831-7EE2C1A115C3}.Release|Any CPU.ActiveCfg = Release|Any CPU
		{B11A5D28-4EAF-4E3B-B831-7EE2C1A115C3}.Release|Any CPU.Build.0 = Release|Any CPU
	EndGlobalSection
	GlobalSection(SolutionProperties) = preSolution
		HideSolutionNode = FALSE
	EndGlobalSection
	GlobalSection(ExtensibilityGlobals) = postSolution
		SolutionGuid = {1213E9C7-811E-45DA-A295-E06AE979C217}
	EndGlobalSection
EndGlobal
